
Microsoft Visual Studio Solution File, Format Version 12.00
# Visual Studio Version 16
VisualStudioVersion = 16.0.28803.202
MinimumVisualStudioVersion = 10.0.40219.1
Project("{FAE04EC0-301F-11D3-BF4B-00C04F79EFBC}") = "WindowsFormsApp21", "WindowsFormsApp21\WindowsFormsApp21.csproj", "{16836C42-43FA-4A64-BDAA-26C81171F4AD}"
EndProject
Global
	GlobalSection(SolutionConfigurationPlatforms) = preSolution
		Debug|Any CPU = Debug|Any CPU
		Release|Any CPU = Release|Any CPU
	EndGlobalSection
	GlobalSection(ProjectConfigurationPlatforms) = postSolution
		{16836C42-43FA-4A64-BDAA-26C81171F4AD}.Debug|Any CPU.ActiveCfg = Debug|Any CPU
		{16836C42-43FA-4A64-BDAA-26C81171F4AD}.Debug|Any CPU.Build.0 = Debug|Any CPU
		{16836C42-43FA-4A64-BDAA-26C81171F4AD}.Release|Any CPU.ActiveCfg = Release|Any CPU
		{16836C42-43FA-4A64-BDAA-26C81171F4AD}.Release|Any CPU.Build.0 = Release|Any CPU
	EndGlobalSection
	GlobalSection(SolutionProperties) = preSolution
		HideSolutionNode = FALSE
	EndGlobalSection
	GlobalSection(ExtensibilityGlobals) = postSolution
		SolutionGuid = {E1FD50CD-028F-4566-A204-D777196E0F3C}
	EndGlobalSection
EndGlobal
