
Microsoft Visual Studio Solution File, Format Version 12.00
# Visual Studio Version 16
VisualStudioVersion = 16.0.28803.202
MinimumVisualStudioVersion = 10.0.40219.1
Project("{FAE04EC0-301F-11D3-BF4B-00C04F79EFBC}") = "WindowsFormsApp26", "WindowsFormsApp26\WindowsFormsApp26.csproj", "{B4FD9D38-C3C9-4F8D-85A3-CA31F26A28E3}"
EndProject
Global
	GlobalSection(SolutionConfigurationPlatforms) = preSolution
		Debug|Any CPU = Debug|Any CPU
		Release|Any CPU = Release|Any CPU
	EndGlobalSection
	GlobalSection(ProjectConfigurationPlatforms) = postSolution
		{B4FD9D38-C3C9-4F8D-85A3-CA31F26A28E3}.Debug|Any CPU.ActiveCfg = Debug|Any CPU
		{B4FD9D38-C3C9-4F8D-85A3-CA31F26A28E3}.Debug|Any CPU.Build.0 = Debug|Any CPU
		{B4FD9D38-C3C9-4F8D-85A3-CA31F26A28E3}.Release|Any CPU.ActiveCfg = Release|Any CPU
		{B4FD9D38-C3C9-4F8D-85A3-CA31F26A28E3}.Release|Any CPU.Build.0 = Release|Any CPU
	EndGlobalSection
	GlobalSection(SolutionProperties) = preSolution
		HideSolutionNode = FALSE
	EndGlobalSection
	GlobalSection(ExtensibilityGlobals) = postSolution
		SolutionGuid = {5933520F-DC1F-46ED-851A-E09002E86B1C}
	EndGlobalSection
EndGlobal
